
Microsoft Visual Studio Solution File, Format Version 12.00
# Visual Studio 2013
VisualStudioVersion = 12.0.30501.0
MinimumVisualStudioVersion = 10.0.40219.1
Project("{FAE04EC0-301F-11D3-BF4B-00C04F79EFBC}") = "TeamAccount.DAL", "TeamAccount.DAL\TeamAccount.DAL.csproj", "{FE5EE08B-AC1D-41AC-BED0-DD71657DB23C}"
EndProject
Project("{FAE04EC0-301F-11D3-BF4B-00C04F79EFBC}") = "TeamAccount.DTO", "TeamAccount.DTO\TeamAccount.DTO.csproj", "{37DFF22A-80A8-4556-8C34-7B1D58BDC6DA}"
EndProject
Project("{FAE04EC0-301F-11D3-BF4B-00C04F79EFBC}") = "TeamAccount.API", "TeamAccount.API\TeamAccount.API.csproj", "{DFCDCD5A-9D97-40A2-A3C2-ECB2AA2A884C}"
EndProject
Global
	GlobalSection(SolutionConfigurationPlatforms) = preSolution
		Debug|Any CPU = Debug|Any CPU
		Release|Any CPU = Release|Any CPU
	EndGlobalSection
	GlobalSection(ProjectConfigurationPlatforms) = postSolution
		{FE5EE08B-AC1D-41AC-BED0-DD71657DB23C}.Debug|Any CPU.ActiveCfg = Debug|Any CPU
		{FE5EE08B-AC1D-41AC-BED0-DD71657DB23C}.Debug|Any CPU.Build.0 = Debug|Any CPU
		{FE5EE08B-AC1D-41AC-BED0-DD71657DB23C}.Release|Any CPU.ActiveCfg = Release|Any CPU
		{FE5EE08B-AC1D-41AC-BED0-DD71657DB23C}.Release|Any CPU.Build.0 = Release|Any CPU
		{37DFF22A-80A8-4556-8C34-7B1D58BDC6DA}.Debug|Any CPU.ActiveCfg = Debug|Any CPU
		{37DFF22A-80A8-4556-8C34-7B1D58BDC6DA}.Debug|Any CPU.Build.0 = Debug|Any CPU
		{37DFF22A-80A8-4556-8C34-7B1D58BDC6DA}.Release|Any CPU.ActiveCfg = Release|Any CPU
		{37DFF22A-80A8-4556-8C34-7B1D58BDC6DA}.Release|Any CPU.Build.0 = Release|Any CPU
		{DFCDCD5A-9D97-40A2-A3C2-ECB2AA2A884C}.Debug|Any CPU.ActiveCfg = Debug|Any CPU
		{DFCDCD5A-9D97-40A2-A3C2-ECB2AA2A884C}.Debug|Any CPU.Build.0 = Debug|Any CPU
		{DFCDCD5A-9D97-40A2-A3C2-ECB2AA2A884C}.Release|Any CPU.ActiveCfg = Release|Any CPU
		{DFCDCD5A-9D97-40A2-A3C2-ECB2AA2A884C}.Release|Any CPU.Build.0 = Release|Any CPU
	EndGlobalSection
	GlobalSection(SolutionProperties) = preSolution
		HideSolutionNode = FALSE
	EndGlobalSection
EndGlobal
